{
  "name": "@follenfang/wowdata",
  "version": "0.0.2",
  "lockfileVersion": 3,
  "requires": true,
  "packages": {
    "": {
      "name": "@follenfang/wowdata",
      "version": "0.0.2",
      "hasInstallScript": true,
      "license": "AGPL-3.0-or-later",
      "bin": {
        "wowdata": "npm/bin/wowdata.js"
      },
      "engines": {
        "node": ">=18"
      }
    }
  }
}
